Microsoft Visual Studio Solution File, Format Version 12.00
# Visual Studio Version 17
VisualStudioVersion = 17.5.2.0
MinimumVisualStudioVersion = 10.0.40219.1
Project("{FAE04EC0-301F-11D3-BF4B-00C04F79EFBC}") = "AlastairLundy.Extensions.System", "AlastairLundy.Extensions.System.csproj", "{45774EC4-D536-48A4-6CFE-89B1F4332AC0}"
EndProject
Global
	GlobalSection(SolutionConfigurationPlatforms) = preSolution
		Debug|Any CPU = Debug|Any CPU
		Release|Any CPU = Release|Any CPU
	EndGlobalSection
	GlobalSection(ProjectConfigurationPlatforms) = postSolution
		{45774EC4-D536-48A4-6CFE-89B1F4332AC0}.Debug|Any CPU.ActiveCfg = Debug|Any CPU
		{45774EC4-D536-48A4-6CFE-89B1F4332AC0}.Debug|Any CPU.Build.0 = Debug|Any CPU
		{45774EC4-D536-48A4-6CFE-89B1F4332AC0}.Release|Any CPU.ActiveCfg = Release|Any CPU
		{45774EC4-D536-48A4-6CFE-89B1F4332AC0}.Release|Any CPU.Build.0 = Release|Any CPU
	EndGlobalSection
	GlobalSection(SolutionProperties) = preSolution
		HideSolutionNode = FALSE
	EndGlobalSection
	GlobalSection(ExtensibilityGlobals) = postSolution
		SolutionGuid = {499CA204-5C9C-43B6-919D-50DE2503E493}
	EndGlobalSection
EndGlobal
